// !$*UTF8*$!
{
	archiveVersion = 1;
	classes = {
	};
	objectVersion = 50;
	objects = {

/* Begin PBXBuildFile section */
		21E7E22D28B41CA9004EA79D /* AppDelegate.swift in Sources */ = {isa = PBXBuildFile; fileRef = 21E7E22C28B41CA9004EA79D /* AppDelegate.swift */; };
		21E7E22F28B41CA9004EA79D /* SceneDelegate.swift in Sources */ = {isa = PBXBuildFile; fileRef = 21E7E22E28B41CA9004EA79D /* SceneDelegate.swift */; };
		21E7E23128B41CA9004EA79D /* ViewController.swift in Sources */ = {isa = PBXBuildFile; fileRef = 21E7E23028B41CA9004EA79D /* ViewController.swift */; };
		21E7E23428B41CA9004EA79D /* Main.storyboard in Resources */ = {isa = PBXBuildFile; fileRef = 21E7E23228B41CA9004EA79D /* Main.storyboard */; };
		21E7E23628B41CAA004EA79D /* Assets.xcassets in Resources */ = {isa = PBXBuildFile; fileRef = 21E7E23528B41CAA004EA79D /* Assets.xcassets */; };
		21E7E23928B41CAA004EA79D /* LaunchScreen.storyboard in Resources */ = {isa = PBXBuildFile; fileRef = 21E7E23728B41CAA004EA79D /* LaunchScreen.storyboard */; };
		21E7E24428B41CAA004EA79D /* lolkarakterlerTests.swift in Sources */ = {isa = PBXBuildFile; fileRef = 21E7E24328B41CAA004EA79D /* lolkarakterlerTests.swift */; };
		21E7E24F28B41CAA004EA79D /* lolkarakterlerUITests.swift in Sources */ = {isa = PBXBuildFile; fileRef = 21E7E24E28B41CAA004EA79D /* lolkarakterlerUITests.swift */; };
/* End PBXBuildFile section */

/* Begin PBXContainerItemProxy section */
		21E7E24028B41CAA004EA79D /* PBXContainerItemProxy */ = {
			isa = PBXContainerItemProxy;
			containerPortal = 21E7E22128B41CA9004EA79D /* Project object */;
			proxyType = 1;
			remoteGlobalIDString = 21E7E22828B41CA9004EA79D;
			remoteInfo = lolkarakterler;
		};
		21E7E24B28B41CAA004EA79D /* PBXContainerItemProxy */ = {
			isa = PBXContainerItemProxy;
			containerPortal = 21E7E22128B41CA9004EA79D /* Project object */;
			proxyType = 1;
			remoteGlobalIDString = 21E7E22828B41CA9004EA79D;
			remoteInfo = lolkarakterler;
		};
/* End PBXContainerItemProxy section */

/* Begin PBXFileReference section */
		21E7E22928B41CA9004EA79D /* lolkarakterler.app */ = {isa = PBXFileReference; explicitFileType = wrapper.application; includeInIndex = 0; path = lolkarakterler.app; sourceTree = BUILT_PRODUCTS_DIR; };
		21E7E22C28B41CA9004EA79D /* AppDelegate.swift */ = {isa = PBXFileReference; lastKnownFileType = sourcecode.swift; path = AppDelegate.swift; sourceTree = "<group>"; };
		21E7E22E28B41CA9004EA79D /* SceneDelegate.swift */ = {isa = PBXFileReference; lastKnownFileType = sourcecode.swift; path = SceneDelegate.swift; sourceTree = "<group>"; };
		21E7E23028B41CA9004EA79D /* ViewController.swift */ = {isa = PBXFileReference; lastKnownFileType = sourcecode.swift; path = ViewController.swift; sourceTree = "<group>"; };
		21E7E23328B41CA9004EA79D /* Base */ = {isa = PBXFileReference; lastKnownFileType = file.storyboard; name = Base; path = Base.lproj/Main.storyboard; sourceTree = "<group>"; };
		21E7E23528B41CAA004EA79D /* Assets.xcassets */ = {isa = PBXFileReference; lastKnownFileType = folder.assetcatalog; path = Assets.xcassets; sourceTree = "<group>"; };
		21E7E23828B41CAA004EA79D /* Base */ = {isa = PBXFileReference; lastKnownFileType = file.storyboard; name = Base; path = Base.lproj/LaunchScreen.storyboard; sourceTree = "<group>"; };
		21E7E23A28B41CAA004EA79D /* Info.plist */ = {isa = PBXFileReference; lastKnownFileType = text.plist.xml; path = Info.plist; sourceTree = "<group>"; };
		21E7E23F28B41CAA004EA79D /* lolkarakterlerTests.xctest */ = {isa = PBXFileReference; explicitFileType = wrapper.cfbundle; includeInIndex = 0; path = lolkarakterlerTests.xctest; sourceTree = BUILT_PRODUCTS_DIR; };
		21E7E24328B41CAA004EA79D /* lolkarakterlerTests.swift */ = {isa = PBXFileReference; lastKnownFileType = sourcecode.swift; path = lolkarakterlerTests.swift; sourceTree = "<group>"; };
		21E7E24528B41CAA004EA79D /* Info.plist */ = {isa = PBXFileReference; lastKnownFileType = text.plist.xml; path = Info.plist; sourceTree = "<group>"; };
		21E7E24A28B41CAA004EA79D /* lolkarakterlerUITests.xctest */ = {isa = PBXFileReference; explicitFileType = wrapper.cfbundle; includeInIndex = 0; path = lolkarakterlerUITests.xctest; sourceTree = BUILT_PRODUCTS_DIR; };
		21E7E24E28B41CAA004EA79D /* lolkarakterlerUITests.swift */ = {isa = PBXFileReference; lastKnownFileType = sourcecode.swift; path = lolkarakterlerUITests.swift; sourceTree = "<group>"; };
		21E7E25028B41CAA004EA79D /* Info.plist */ = {isa = PBXFileReference; lastKnownFileType = text.plist.xml; path = Info.plist; sourceTree = "<group>"; };
/* End PBXFileReference section */

/* Begin PBXFrameworksBuildPhase section */
		21E7E22628B41CA9004EA79D /* Frameworks */ = {
			isa = PBXFrameworksBuildPhase;
			buildActionMask = 2147483647;
			files = (
			);
			runOnlyForDeploymentPostprocessing = 0;
		};
		21E7E23C28B41CAA004EA79D /* Frameworks */ = {
			isa = PBXFrameworksBuildPhase;
			buildActionMask = 2147483647;
			files = (
			);
			runOnlyForDeploymentPostprocessing = 0;
		};
		21E7E24728B41CAA004EA79D /* Frameworks */ = {
			isa = PBXFrameworksBuildPhase;
			buildActionMask = 2147483647;
			files = (
			);
			runOnlyForDeploymentPostprocessing = 0;
		};
/* End PBXFrameworksBuildPhase section */

/* Begin PBXGroup section */
		21E7E22028B41CA9004EA79D = {
			isa = PBXGroup;
			children = (
				21E7E22B28B41CA9004EA79D /* lolkarakterler */,
				21E7E24228B41CAA004EA79D /* lolkarakterlerTests */,
				21E7E24D28B41CAA004EA79D /* lolkarakterlerUITests */,
				21E7E22A28B41CA9004EA79D /* Products */,
			);
			sourceTree = "<group>";
		};
		21E7E22A28B41CA9004EA79D /* Products */ = {
			isa = PBXGroup;
			children = (
				21E7E22928B41CA9004EA79D /* lolkarakterler.app */,
				21E7E23F28B41CAA004EA79D /* lolkarakterlerTests.xctest */,
				21E7E24A28B41CAA004EA79D /* lolkarakterlerUITests.xctest */,
			);
			name = Products;
			sourceTree = "<group>";
		};
		21E7E22B28B41CA9004EA79D /* lolkarakterler */ = {
			isa = PBXGroup;
			children = (
				21E7E22C28B41CA9004EA79D /* AppDelegate.swift */,
				21E7E22E28B41CA9004EA79D /* SceneDelegate.swift */,
				21E7E23028B41CA9004EA79D /* ViewController.swift */,
				21E7E23228B41CA9004EA79D /* Main.storyboard */,
				21E7E23528B41CAA004EA79D /* Assets.xcassets */,
				21E7E23728B41CAA004EA79D /* LaunchScreen.storyboard */,
				21E7E23A28B41CAA004EA79D /* Info.plist */,
			);
			path = lolkarakterler;
			sourceTree = "<group>";
		};
		21E7E24228B41CAA004EA79D /* lolkarakterlerTests */ = {
			isa = PBXGroup;
			children = (
				21E7E24328B41CAA004EA79D /* lolkarakterlerTests.swift */,
				21E7E24528B41CAA004EA79D /* Info.plist */,
			);
			path = lolkarakterlerTests;
			sourceTree = "<group>";
		};
		21E7E24D28B41CAA004EA79D /* lolkarakterlerUITests */ = {
			isa = PBXGroup;
			children = (
				21E7E24E28B41CAA004EA79D /* lolkarakterlerUITests.swift */,
				21E7E25028B41CAA004EA79D /* Info.plist */,
			);
			path = lolkarakterlerUITests;
			sourceTree = "<group>";
		};
/* End PBXGroup section */

/* Begin PBXNativeTarget section */
		21E7E22828B41CA9004EA79D /* lolkarakterler */ = {
			isa = PBXNativeTarget;
			buildConfigurationList = 21E7E25328B41CAA004EA79D /* Build configuration list for PBXNativeTarget "lolkarakterler" */;
			buildPhases = (
				21E7E22528B41CA9004EA79D /* Sources */,
				21E7E22628B41CA9004EA79D /* Frameworks */,
				21E7E22728B41CA9004EA79D /* Resources */,
			);
			buildRules = (
			);
			dependencies = (
			);
			name = lolkarakterler;
			productName = lolkarakterler;
			productReference = 21E7E22928B41CA9004EA79D /* lolkarakterler.app */;
			productType = "com.apple.product-type.application";
		};
		21E7E23E28B41CAA004EA79D /* lolkarakterlerTests */ = {
			isa = PBXNativeTarget;
			buildConfigurationList = 21E7E25628B41CAA004EA79D /* Build configuration list for PBXNativeTarget "lolkarakterlerTests" */;
			buildPhases = (
				21E7E23B28B41CAA004EA79D /* Sources */,
				21E7E23C28B41CAA004EA79D /* Frameworks */,
				21E7E23D28B41CAA004EA79D /* Resources */,
			);
			buildRules = (
			);
			dependencies = (
				21E7E24128B41CAA004EA79D /* PBXTargetDependency */,
			);
			name = lolkarakterlerTests;
			productName = lolkarakterlerTests;
			productReference = 21E7E23F28B41CAA004EA79D /* lolkarakterlerTests.xctest */;
			productType = "com.apple.product-type.bundle.unit-test";
		};
		21E7E24928B41CAA004EA79D /* lolkarakterlerUITests */ = {
			isa = PBXNativeTarget;
			buildConfigurationList = 21E7E25928B41CAA004EA79D /* Build configuration list for PBXNativeTarget "lolkarakterlerUITests" */;
			buildPhases = (
				21E7E24628B41CAA004EA79D /* Sources */,
				21E7E24728B41CAA004EA79D /* Frameworks */,
				21E7E24828B41CAA004EA79D /* Resources */,
			);
			buildRules = (
			);
			dependencies = (
				21E7E24C28B41CAA004EA79D /* PBXTargetDependency */,
			);
			name = lolkarakterlerUITests;
			productName = lolkarakterlerUITests;
			productReference = 21E7E24A28B41CAA004EA79D /* lolkarakterlerUITests.xctest */;
			productType = "com.apple.product-type.bundle.ui-testing";
		};
/* End PBXNativeTarget section */

/* Begin PBXProject section */
		21E7E22128B41CA9004EA79D /* Project object */ = {
			isa = PBXProject;
			attributes = {
				LastSwiftUpdateCheck = 1250;
				LastUpgradeCheck = 1250;
				TargetAttributes = {
					21E7E22828B41CA9004EA79D = {
						CreatedOnToolsVersion = 12.5.1;
					};
					21E7E23E28B41CAA004EA79D = {
						CreatedOnToolsVersion = 12.5.1;
						TestTargetID = 21E7E22828B41CA9004EA79D;
					};
					21E7E24928B41CAA004EA79D = {
						CreatedOnToolsVersion = 12.5.1;
						TestTargetID = 21E7E22828B41CA9004EA79D;
					};
				};
			};
			buildConfigurationList = 21E7E22428B41CA9004EA79D /* Build configuration list for PBXProject "lolkarakterler" */;
			compatibilityVersion = "Xcode 9.3";
			developmentRegion = en;
			hasScannedForEncodings = 0;
			knownRegions = (
				en,
				Base,
			);
			mainGroup = 21E7E22028B41CA9004EA79D;
			productRefGroup = 21E7E22A28B41CA9004EA79D /* Products */;
			projectDirPath = "";
			projectRoot = "";
			targets = (
				21E7E22828B41CA9004EA79D /* lolkarakterler */,
				21E7E23E28B41CAA004EA79D /* lolkarakterlerTests */,
				21E7E24928B41CAA004EA79D /* lolkarakterlerUITests */,
			);
		};
/* End PBXProject section */

/* Begin PBXResourcesBuildPhase section */
		21E7E22728B41CA9004EA79D /* Resources */ = {
			isa = PBXResourcesBuildPhase;
			buildActionMask = 2147483647;
			files = (
				21E7E23928B41CAA004EA79D /* LaunchScreen.storyboard in Resources */,
				21E7E23628B41CAA004EA79D /* Assets.xcassets in Resources */,
				21E7E23428B41CA9004EA79D /* Main.storyboard in Resources */,
			);
			runOnlyForDeploymentPostprocessing = 0;
		};
		21E7E23D28B41CAA004EA79D /* Resources */ = {
			isa = PBXResourcesBuildPhase;
			buildActionMask = 2147483647;
			files = (
			);
			runOnlyForDeploymentPostprocessing = 0;
		};
		21E7E24828B41CAA004EA79D /* Resources */ = {
			isa = PBXResourcesBuildPhase;
			buildActionMask = 2147483647;
			files = (
			);
			runOnlyForDeploymentPostprocessing = 0;
		};
/* End PBXResourcesBuildPhase section */

/* Begin PBXSourcesBuildPhase section */
		21E7E22528B41CA9004EA79D /* Sources */ = {
			isa = PBXSourcesBuildPhase;
			buildActionMask = 2147483647;
			files = (
				21E7E23128B41CA9004EA79D /* ViewController.swift in Sources */,
				21E7E22D28B41CA9004EA79D /* AppDelegate.swift in Sources */,
				21E7E22F28B41CA9004EA79D /* SceneDelegate.swift in Sources */,
			);
			runOnlyForDeploymentPostprocessing = 0;
		};
		21E7E23B28B41CAA004EA79D /* Sources */ = {
			isa = PBXSourcesBuildPhase;
			buildActionMask = 2147483647;
			files = (
				21E7E24428B41CAA004EA79D /* lolkarakterlerTests.swift in Sources */,
			);
			runOnlyForDeploymentPostprocessing = 0;
		};
		21E7E24628B41CAA004EA79D /* Sources */ = {
			isa = PBXSourcesBuildPhase;
			buildActionMask = 2147483647;
			files = (
				21E7E24F28B41CAA004EA79D /* lolkarakterlerUITests.swift in Sources */,
			);
			runOnlyForDeploymentPostprocessing = 0;
		};
/* End PBXSourcesBuildPhase section */

/* Begin PBXTargetDependency section */
		21E7E24128B41CAA004EA79D /* PBXTargetDependency */ = {
			isa = PBXTargetDependency;
			target = 21E7E22828B41CA9004EA79D /* lolkarakterler */;
			targetProxy = 21E7E24028B41CAA004EA79D /* PBXContainerItemProxy */;
		};
		21E7E24C28B41CAA004EA79D /* PBXTargetDependency */ = {
			isa = PBXTargetDependency;
			target = 21E7E22828B41CA9004EA79D /* lolkarakterler */;
			targetProxy = 21E7E24B28B41CAA004EA79D /* PBXContainerItemProxy */;
		};
/* End PBXTargetDependency section */

/* Begin PBXVariantGroup section */
		21E7E23228B41CA9004EA79D /* Main.storyboard */ = {
			isa = PBXVariantGroup;
			children = (
				21E7E23328B41CA9004EA79D /* Base */,
			);
			name = Main.storyboard;
			sourceTree = "<group>";
		};
		21E7E23728B41CAA004EA79D /* LaunchScreen.storyboard */ = {
			isa = PBXVariantGroup;
			children = (
				21E7E23828B41CAA004EA79D /* Base */,
			);
			name = LaunchScreen.storyboard;
			sourceTree = "<group>";
		};
/* End PBXVariantGroup section */

/* Begin XCBuildConfiguration section */
		21E7E25128B41CAA004EA79D /* Debug */ = {
			isa = XCBuildConfiguration;
			buildSettings = {
				ALWAYS_SEARCH_USER_PATHS = NO;
				CLANG_ANALYZER_NONNULL = YES;
				CLANG_ANALYZER_NUMBER_OBJECT_CONVERSION = YES_AGGRESSIVE;
				CLANG_CXX_LANGUAGE_STANDARD = "gnu++14";
				CLANG_CXX_LIBRARY = "libc++";
				CLANG_ENABLE_MODULES = YES;
				CLANG_ENABLE_OBJC_ARC = YES;
				CLANG_ENABLE_OBJC_WEAK = YES;
				CLANG_WARN_BLOCK_CAPTURE_AUTORELEASING = YES;
				CLANG_WARN_BOOL_CONVERSION = YES;
				CLANG_WARN_COMMA = YES;
				CLANG_WARN_CONSTANT_CONVERSION = YES;
				CLANG_WARN_DEPRECATED_OBJC_IMPLEMENTATIONS = YES;
				CLANG_WARN_DIRECT_OBJC_ISA_USAGE = YES_ERROR;
				CLANG_WARN_DOCUMENTATION_COMMENTS = YES;
				CLANG_WARN_EMPTY_BODY = YES;
				CLANG_WARN_ENUM_CONVERSION = YES;
				CLANG_WARN_INFINITE_RECURSION = YES;
				CLANG_WARN_INT_CONVERSION = YES;
				CLANG_WARN_NON_LITERAL_NULL_CONVERSION = YES;
				CLANG_WARN_OBJC_IMPLICIT_RETAIN_SELF = YES;
				CLANG_WARN_OBJC_LITERAL_CONVERSION = YES;
				CLANG_WARN_OBJC_ROOT_CLASS = YES_ERROR;
				CLANG_WARN_QUOTED_INCLUDE_IN_FRAMEWORK_HEADER = YES;
				CLANG_WARN_RANGE_LOOP_ANALYSIS = YES;
				CLANG_WARN_STRICT_PROTOTYPES = YES;
				CLANG_WARN_SUSPICIOUS_MOVE = YES;
				CLANG_WARN_UNGUARDED_AVAILABILITY = YES_AGGRESSIVE;
				CLANG_WARN_UNREACHABLE_CODE = YES;
				CLANG_WARN__DUPLICATE_METHOD_MATCH = YES;
				COPY_PHASE_STRIP = NO;
				DEBUG_INFORMATION_FORMAT = dwarf;
				ENABLE_STRICT_OBJC_MSGSEND = YES;
				ENABLE_TESTABILITY = YES;
				GCC_C_LANGUAGE_STANDARD = gnu11;
				GCC_DYNAMIC_NO_PIC = NO;
				GCC_NO_COMMON_BLOCKS = YES;
				GCC_OPTIMIZATION_LEVEL = 0;
				GCC_PREPROCESSOR_DEFINITIONS = (
					"DEBUG=1",
					"$(inherited)",
				);
				GCC_WARN_64_TO_32_BIT_CONVERSION = YES;
				GCC_WARN_ABOUT_RETURN_TYPE = YES_ERROR;
				GCC_WARN_UNDECLARED_SELECTOR = YES;
				GCC_WARN_UNINITIALIZED_AUTOS = YES_AGGRESSIVE;
				GCC_WARN_UNUSED_FUNCTION = YES;
				GCC_WARN_UNUSED_VARIABLE = YES;
				IPHONEOS_DEPLOYMENT_TARGET = 14.5;
				MTL_ENABLE_DEBUG_INFO = INCLUDE_SOURCE;
				MTL_FAST_MATH = YES;
				ONLY_ACTIVE_ARCH = YES;
				SDKROOT = iphoneos;
				SWIFT_ACTIVE_COMPILATION_CONDITIONS = DEBUG;
				SWIFT_OPTIMIZATION_LEVEL = "-Onone";
			};
			name = Debug;
		};
		21E7E25228B41CAA004EA79D /* Release */ = {
			isa = XCBuildConfiguration;
			buildSettings = {
				ALWAYS_SEARCH_USER_PATHS = NO;
				CLANG_ANALYZER_NONNULL = YES;
				CLANG_ANALYZER_NUMBER_OBJECT_CONVERSION = YES_AGGRESSIVE;
				CLANG_CXX_LANGUAGE_STANDARD = "gnu++14";
				CLANG_CXX_LIBRARY = "libc++";
				CLANG_ENABLE_MODULES = YES;
				CLANG_ENABLE_OBJC_ARC = YES;
				CLANG_ENABLE_OBJC_WEAK = YES;
				CLANG_WARN_BLOCK_CAPTURE_AUTORELEASING = YES;
				CLANG_WARN_BOOL_CONVERSION = YES;
				CLANG_WARN_COMMA = YES;
				CLANG_WARN_CONSTANT_CONVERSION = YES;
				CLANG_WARN_DEPRECATED_OBJC_IMPLEMENTATIONS = YES;
				CLANG_WARN_DIRECT_OBJC_ISA_USAGE = YES_ERROR;
				CLANG_WARN_DOCUMENTATION_COMMENTS = YES;
				CLANG_WARN_EMPTY_BODY = YES;
				CLANG_WARN_ENUM_CONVERSION = YES;
				CLANG_WARN_INFINITE_RECURSION = YES;
				CLANG_WARN_INT_CONVERSION = YES;
				CLANG_WARN_NON_LITERAL_NULL_CONVERSION = YES;
				CLANG_WARN_OBJC_IMPLICIT_RETAIN_SELF = YES;
				CLANG_WARN_OBJC_LITERAL_CONVERSION = YES;
				CLANG_WARN_OBJC_ROOT_CLASS = YES_ERROR;
				CLANG_WARN_QUOTED_INCLUDE_IN_FRAMEWORK_HEADER = YES;
				CLANG_WARN_RANGE_LOOP_ANALYSIS = YES;
				CLANG_WARN_STRICT_PROTOTYPES = YES;
				CLANG_WARN_SUSPICIOUS_MOVE = YES;
				CLANG_WARN_UNGUARDED_AVAILABILITY = YES_AGGRESSIVE;
				CLANG_WARN_UNREACHABLE_CODE = YES;
				CLANG_WARN__DUPLICATE_METHOD_MATCH = YES;
				COPY_PHASE_STRIP = NO;
				DEBUG_INFORMATION_FORMAT = "dwarf-with-dsym";
				ENABLE_NS_ASSERTIONS = NO;
				ENABLE_STRICT_OBJC_MSGSEND = YES;
				GCC_C_LANGUAGE_STANDARD = gnu11;
				GCC_NO_COMMON_BLOCKS = YES;
				GCC_WARN_64_TO_32_BIT_CONVERSION = YES;
				GCC_WARN_ABOUT_RETURN_TYPE = YES_ERROR;
				GCC_WARN_UNDECLARED_SELECTOR = YES;
				GCC_WARN_UNINITIALIZED_AUTOS = YES_AGGRESSIVE;
				GCC_WARN_UNUSED_FUNCTION = YES;
				GCC_WARN_UNUSED_VARIABLE = YES;
				IPHONEOS_DEPLOYMENT_TARGET = 14.5;
				MTL_ENABLE_DEBUG_INFO = NO;
				MTL_FAST_MATH = YES;
				SDKROOT = iphoneos;
				SWIFT_COMPILATION_MODE = wholemodule;
				SWIFT_OPTIMIZATION_LEVEL = "-O";
				VALIDATE_PRODUCT = YES;
			};
			name = Release;
		};
		21E7E25428B41CAA004EA79D /* Debug */ = {
			isa = XCBuildConfiguration;
			buildSettings = {
				ASSETCATALOG_COMPILER_APPICON_NAME = AppIcon;
				ASSETCATALOG_COMPILER_GLOBAL_ACCENT_COLOR_NAME = AccentColor;
				CODE_SIGN_STYLE = Automatic;
				DEVELOPMENT_TEAM = 3BX64U658L;
				INFOPLIST_FILE = lolkarakterler/Info.plist;
				LD_RUNPATH_SEARCH_PATHS = (
					"$(inherited)",
					"@executable_path/Frameworks",
				);
				PRODUCT_BUNDLE_IDENTIFIER = com.melih.test1.lolkarakterler;
				PRODUCT_NAME = "$(TARGET_NAME)";
				SWIFT_VERSION = 5.0;
				TARGETED_DEVICE_FAMILY = "1,2";
			};
			name = Debug;
		};
		21E7E25528B41CAA004EA79D /* Release */ = {
			isa = XCBuildConfiguration;
			buildSettings = {
				ASSETCATALOG_COMPILER_APPICON_NAME = AppIcon;
				ASSETCATALOG_COMPILER_GLOBAL_ACCENT_COLOR_NAME = AccentColor;
				CODE_SIGN_STYLE = Automatic;
				DEVELOPMENT_TEAM = 3BX64U658L;
				INFOPLIST_FILE = lolkarakterler/Info.plist;
				LD_RUNPATH_SEARCH_PATHS = (
					"$(inherited)",
					"@executable_path/Frameworks",
				);
				PRODUCT_BUNDLE_IDENTIFIER = com.melih.test1.lolkarakterler;
				PRODUCT_NAME = "$(TARGET_NAME)";
				SWIFT_VERSION = 5.0;
				TARGETED_DEVICE_FAMILY = "1,2";
			};
			name = Release;
		};
		21E7E25728B41CAA004EA79D /* Debug */ = {
			isa = XCBuildConfiguration;
			buildSettings = {
				ALWAYS_EMBED_SWIFT_STANDARD_LIBRARIES = YES;
				BUNDLE_LOADER = "$(TEST_HOST)";
				CODE_SIGN_STYLE = Automatic;
				DEVELOPMENT_TEAM = 3BX64U658L;
				INFOPLIST_FILE = lolkarakterlerTests/Info.plist;
				IPHONEOS_DEPLOYMENT_TARGET = 14.5;
				LD_RUNPATH_SEARCH_PATHS = (
					"$(inherited)",
					"@executable_path/Frameworks",
					"@loader_path/Frameworks",
				);
				PRODUCT_BUNDLE_IDENTIFIER = com.melih.test1.lolkarakterlerTests;
				PRODUCT_NAME = "$(TARGET_NAME)";
				SWIFT_VERSION = 5.0;
				TARGETED_DEVICE_FAMILY = "1,2";
				TEST_HOST = "$(BUILT_PRODUCTS_DIR)/lolkarakterler.app/lolkarakterler";
			};
			name = Debug;
		};
		21E7E25828B41CAA004EA79D /* Release */ = {
			isa = XCBuildConfiguration;
			buildSettings = {
				ALWAYS_EMBED_SWIFT_STANDARD_LIBRARIES = YES;
				BUNDLE_LOADER = "$(TEST_HOST)";
				CODE_SIGN_STYLE = Automatic;
				DEVELOPMENT_TEAM = 3BX64U658L;
				INFOPLIST_FILE = lolkarakterlerTests/Info.plist;
				IPHONEOS_DEPLOYMENT_TARGET = 14.5;
				LD_RUNPATH_SEARCH_PATHS = (
					"$(inherited)",
					"@executable_path/Frameworks",
					"@loader_path/Frameworks",
				);
				PRODUCT_BUNDLE_IDENTIFIER = com.melih.test1.lolkarakterlerTests;
				PRODUCT_NAME = "$(TARGET_NAME)";
				SWIFT_VERSION = 5.0;
				TARGETED_DEVICE_FAMILY = "1,2";
				TEST_HOST = "$(BUILT_PRODUCTS_DIR)/lolkarakterler.app/lolkarakterler";
			};
			name = Release;
		};
		21E7E25A28B41CAA004EA79D /* Debug */ = {
			isa = XCBuildConfiguration;
			buildSettings = {
				ALWAYS_EMBED_SWIFT_STANDARD_LIBRARIES = YES;
				CODE_SIGN_STYLE = Automatic;
				DEVELOPMENT_TEAM = 3BX64U658L;
				INFOPLIST_FILE = lolkarakterlerUITests/Info.plist;
				LD_RUNPATH_SEARCH_PATHS = (
					"$(inherited)",
					"@executable_path/Frameworks",
					"@loader_path/Frameworks",
				);
				PRODUCT_BUNDLE_IDENTIFIER = com.melih.test1.lolkarakterlerUITests;
				PRODUCT_NAME = "$(TARGET_NAME)";
				SWIFT_VERSION = 5.0;
				TARGETED_DEVICE_FAMILY = "1,2";
				TEST_TARGET_NAME = lolkarakterler;
			};
			name = Debug;
		};
		21E7E25B28B41CAA004EA79D /* Release */ = {
			isa = XCBuildConfiguration;
			buildSettings = {
				ALWAYS_EMBED_SWIFT_STANDARD_LIBRARIES = YES;
				CODE_SIGN_STYLE = Automatic;
				DEVELOPMENT_TEAM = 3BX64U658L;
				INFOPLIST_FILE = lolkarakterlerUITests/Info.plist;
				LD_RUNPATH_SEARCH_PATHS = (
					"$(inherited)",
					"@executable_path/Frameworks",
					"@loader_path/Frameworks",
				);
				PRODUCT_BUNDLE_IDENTIFIER = com.melih.test1.lolkarakterlerUITests;
				PRODUCT_NAME = "$(TARGET_NAME)";
				SWIFT_VERSION = 5.0;
				TARGETED_DEVICE_FAMILY = "1,2";
				TEST_TARGET_NAME = lolkarakterler;
			};
			name = Release;
		};
/* End XCBuildConfiguration section */

/* Begin XCConfigurationList section */
		21E7E22428B41CA9004EA79D /* Build configuration list for PBXProject "lolkarakterler" */ = {
			isa = XCConfigurationList;
			buildConfigurations = (
				21E7E25128B41CAA004EA79D /* Debug */,
				21E7E25228B41CAA004EA79D /* Release */,
			);
			defaultConfigurationIsVisible = 0;
			defaultConfigurationName = Release;
		};
		21E7E25328B41CAA004EA79D /* Build configuration list for PBXNativeTarget "lolkarakterler" */ = {
			isa = XCConfigurationList;
			buildConfigurations = (
				21E7E25428B41CAA004EA79D /* Debug */,
				21E7E25528B41CAA004EA79D /* Release */,
			);
			defaultConfigurationIsVisible = 0;
			defaultConfigurationName = Release;
		};
		21E7E25628B41CAA004EA79D /* Build configuration list for PBXNativeTarget "lolkarakterlerTests" */ = {
			isa = XCConfigurationList;
			buildConfigurations = (
				21E7E25728B41CAA004EA79D /* Debug */,
				21E7E25828B41CAA004EA79D /* Release */,
			);
			defaultConfigurationIsVisible = 0;
			defaultConfigurationName = Release;
		};
		21E7E25928B41CAA004EA79D /* Build configuration list for PBXNativeTarget "lolkarakterlerUITests" */ = {
			isa = XCConfigurationList;
			buildConfigurations = (
				21E7E25A28B41CAA004EA79D /* Debug */,
				21E7E25B28B41CAA004EA79D /* Release */,
			);
			defaultConfigurationIsVisible = 0;
			defaultConfigurationName = Release;
		};
/* End XCConfigurationList section */
	};
	rootObject = 21E7E22128B41CA9004EA79D /* Project object */;
}
